
Microsoft Visual Studio Solution File, Format Version 12.00
# Visual Studio Version 17
VisualStudioVersion = 17.10.35027.167
MinimumVisualStudioVersion = 10.0.40219.1
Project("{FAE04EC0-301F-11D3-BF4B-00C04F79EFBC}") = "Elfs VS Goblins!!", "Elfs VS Goblins!!.csproj", "{A2591B17-CE98-4ADC-9730-4449FA4737CE}"
EndProject
Global
	GlobalSection(SolutionConfigurationPlatforms) = preSolution
		Debug|Any CPU = Debug|Any CPU
		Release|Any CPU = Release|Any CPU
	EndGlobalSection
	GlobalSection(ProjectConfigurationPlatforms) = postSolution
		{A2591B17-CE98-4ADC-9730-4449FA4737CE}.Debug|Any CPU.ActiveCfg = Debug|Any CPU
		{A2591B17-CE98-4ADC-9730-4449FA4737CE}.Debug|Any CPU.Build.0 = Debug|Any CPU
		{A2591B17-CE98-4ADC-9730-4449FA4737CE}.Release|Any CPU.ActiveCfg = Release|Any CPU
		{A2591B17-CE98-4ADC-9730-4449FA4737CE}.Release|Any CPU.Build.0 = Release|Any CPU
	EndGlobalSection
	GlobalSection(SolutionProperties) = preSolution
		HideSolutionNode = FALSE
	EndGlobalSection
	GlobalSection(ExtensibilityGlobals) = postSolution
		SolutionGuid = {C4E84E84-C884-4535-87EB-EC9025E44978}
	EndGlobalSection
EndGlobal
